
Microsoft Visual Studio Solution File, Format Version 12.00
# Visual Studio Version 17
VisualStudioVersion = 17.13.35806.99 d17.13
MinimumVisualStudioVersion = 10.0.40219.1
Project("{FAE04EC0-301F-11D3-BF4B-00C04F79EFBC}") = "SPMIS-Web", "SPMIS-Web\SPMIS-Web.csproj", "{038C1C7E-81DF-493B-AFA5-3ABEA2714DA3}"
EndProject
Global
	GlobalSection(SolutionConfigurationPlatforms) = preSolution
		Debug|Any CPU = Debug|Any CPU
		Release|Any CPU = Release|Any CPU
	EndGlobalSection
	GlobalSection(ProjectConfigurationPlatforms) = postSolution
		{038C1C7E-81DF-493B-AFA5-3ABEA2714DA3}.Debug|Any CPU.ActiveCfg = Debug|Any CPU
		{038C1C7E-81DF-493B-AFA5-3ABEA2714DA3}.Debug|Any CPU.Build.0 = Debug|Any CPU
		{038C1C7E-81DF-493B-AFA5-3ABEA2714DA3}.Release|Any CPU.ActiveCfg = Release|Any CPU
		{038C1C7E-81DF-493B-AFA5-3ABEA2714DA3}.Release|Any CPU.Build.0 = Release|Any CPU
	EndGlobalSection
	GlobalSection(SolutionProperties) = preSolution
		HideSolutionNode = FALSE
	EndGlobalSection
	GlobalSection(ExtensibilityGlobals) = postSolution
		SolutionGuid = {04600AE4-2A95-4240-84A0-3743424DED3B}
	EndGlobalSection
EndGlobal
